
Microsoft Visual Studio Solution File, Format Version 12.00
# Visual Studio Version 17
VisualStudioVersion = 17.7.34031.279
MinimumVisualStudioVersion = 10.0.40219.1
Project("{2150E333-8FDC-42A3-9474-1A3956D46DE8}") = "tests", "tests", "{4A935E00-C455-4989-980E-3756711AFE5A}"
EndProject
Project("{9A19103F-16F7-4668-BE54-9A1E7A4F7556}") = "DevFreela.UnitTests", "tests\DevFreela.UnitTests\DevFreela.UnitTests.csproj", "{F54B257D-0824-45D6-9052-CC62AF50B2DF}"
EndProject
Project("{2150E333-8FDC-42A3-9474-1A3956D46DE8}") = "src", "src", "{C06226F9-4714-4824-BB43-FF2A6805DEA3}"
EndProject
Project("{9A19103F-16F7-4668-BE54-9A1E7A4F7556}") = "DevFreela.Domain", "src\DevFreela.Domain\DevFreela.Domain.csproj", "{91F4524B-08A9-40CA-B60D-1EC16A65EDE9}"
EndProject
Project("{9A19103F-16F7-4668-BE54-9A1E7A4F7556}") = "DevFreela.Infrastructure", "src\DevFreela.Infrastructure\DevFreela.Infrastructure.csproj", "{BB3FC19E-8AC8-4238-926C-B00DC5277352}"
EndProject
Project("{9A19103F-16F7-4668-BE54-9A1E7A4F7556}") = "DevFreela.Application", "src\DevFreela.Application\DevFreela.Application.csproj", "{F1D0AC3A-1189-4D00-B3D4-788C83BD8263}"
EndProject
Project("{9A19103F-16F7-4668-BE54-9A1E7A4F7556}") = "DevFreela.IntegrationTest", "tests\DevFreela.IntegrationTest\DevFreela.IntegrationTest.csproj", "{DF32FCD4-7AAE-44D2-99A8-90BBBB86199D}"
EndProject
Project("{FAE04EC0-301F-11D3-BF4B-00C04F79EFBC}") = "DevFreela.API", "src\DevFreela.API\DevFreela.API\DevFreela.API.csproj", "{4E2CCD25-A582-4608-9D98-3F7F86641D89}"
EndProject
Global
	GlobalSection(SolutionConfigurationPlatforms) = preSolution
		Debug|Any CPU = Debug|Any CPU
		Release|Any CPU = Release|Any CPU
	EndGlobalSection
	GlobalSection(ProjectConfigurationPlatforms) = postSolution
		{F54B257D-0824-45D6-9052-CC62AF50B2DF}.Debug|Any CPU.ActiveCfg = Debug|Any CPU
		{F54B257D-0824-45D6-9052-CC62AF50B2DF}.Debug|Any CPU.Build.0 = Debug|Any CPU
		{F54B257D-0824-45D6-9052-CC62AF50B2DF}.Release|Any CPU.ActiveCfg = Release|Any CPU
		{F54B257D-0824-45D6-9052-CC62AF50B2DF}.Release|Any CPU.Build.0 = Release|Any CPU
		{91F4524B-08A9-40CA-B60D-1EC16A65EDE9}.Debug|Any CPU.ActiveCfg = Debug|Any CPU
		{91F4524B-08A9-40CA-B60D-1EC16A65EDE9}.Debug|Any CPU.Build.0 = Debug|Any CPU
		{91F4524B-08A9-40CA-B60D-1EC16A65EDE9}.Release|Any CPU.ActiveCfg = Release|Any CPU
		{91F4524B-08A9-40CA-B60D-1EC16A65EDE9}.Release|Any CPU.Build.0 = Release|Any CPU
		{BB3FC19E-8AC8-4238-926C-B00DC5277352}.Debug|Any CPU.ActiveCfg = Debug|Any CPU
		{BB3FC19E-8AC8-4238-926C-B00DC5277352}.Debug|Any CPU.Build.0 = Debug|Any CPU
		{BB3FC19E-8AC8-4238-926C-B00DC5277352}.Release|Any CPU.ActiveCfg = Release|Any CPU
		{BB3FC19E-8AC8-4238-926C-B00DC5277352}.Release|Any CPU.Build.0 = Release|Any CPU
		{F1D0AC3A-1189-4D00-B3D4-788C83BD8263}.Debug|Any CPU.ActiveCfg = Debug|Any CPU
		{F1D0AC3A-1189-4D00-B3D4-788C83BD8263}.Debug|Any CPU.Build.0 = Debug|Any CPU
		{F1D0AC3A-1189-4D00-B3D4-788C83BD8263}.Release|Any CPU.ActiveCfg = Release|Any CPU
		{F1D0AC3A-1189-4D00-B3D4-788C83BD8263}.Release|Any CPU.Build.0 = Release|Any CPU
		{DF32FCD4-7AAE-44D2-99A8-90BBBB86199D}.Debug|Any CPU.ActiveCfg = Debug|Any CPU
		{DF32FCD4-7AAE-44D2-99A8-90BBBB86199D}.Debug|Any CPU.Build.0 = Debug|Any CPU
		{DF32FCD4-7AAE-44D2-99A8-90BBBB86199D}.Release|Any CPU.ActiveCfg = Release|Any CPU
		{DF32FCD4-7AAE-44D2-99A8-90BBBB86199D}.Release|Any CPU.Build.0 = Release|Any CPU
		{4E2CCD25-A582-4608-9D98-3F7F86641D89}.Debug|Any CPU.ActiveCfg = Debug|Any CPU
		{4E2CCD25-A582-4608-9D98-3F7F86641D89}.Debug|Any CPU.Build.0 = Debug|Any CPU
		{4E2CCD25-A582-4608-9D98-3F7F86641D89}.Release|Any CPU.ActiveCfg = Release|Any CPU
		{4E2CCD25-A582-4608-9D98-3F7F86641D89}.Release|Any CPU.Build.0 = Release|Any CPU
	EndGlobalSection
	GlobalSection(SolutionProperties) = preSolution
		HideSolutionNode = FALSE
	EndGlobalSection
	GlobalSection(NestedProjects) = preSolution
		{F54B257D-0824-45D6-9052-CC62AF50B2DF} = {4A935E00-C455-4989-980E-3756711AFE5A}
		{91F4524B-08A9-40CA-B60D-1EC16A65EDE9} = {C06226F9-4714-4824-BB43-FF2A6805DEA3}
		{BB3FC19E-8AC8-4238-926C-B00DC5277352} = {C06226F9-4714-4824-BB43-FF2A6805DEA3}
		{F1D0AC3A-1189-4D00-B3D4-788C83BD8263} = {C06226F9-4714-4824-BB43-FF2A6805DEA3}
		{DF32FCD4-7AAE-44D2-99A8-90BBBB86199D} = {4A935E00-C455-4989-980E-3756711AFE5A}
		{4E2CCD25-A582-4608-9D98-3F7F86641D89} = {C06226F9-4714-4824-BB43-FF2A6805DEA3}
	EndGlobalSection
	GlobalSection(ExtensibilityGlobals) = postSolution
		SolutionGuid = {61D088D4-DFF6-4964-8125-37A73031F021}
	EndGlobalSection
EndGlobal
